// !$*UTF8*$!
{
	archiveVersion = 1;
	classes = {
	};
	objectVersion = 50;
	objects = {

/* Begin PBXBuildFile section */
		958CDF5726E777D5004DD926 /* AppDelegate.swift in Sources */ = {isa = PBXBuildFile; fileRef = 958CDF5626E777D5004DD926 /* AppDelegate.swift */; };
		958CDF5926E777D5004DD926 /* SceneDelegate.swift in Sources */ = {isa = PBXBuildFile; fileRef = 958CDF5826E777D5004DD926 /* SceneDelegate.swift */; };
		958CDF5E26E777D5004DD926 /* Main.storyboard in Resources */ = {isa = PBXBuildFile; fileRef = 958CDF5C26E777D5004DD926 /* Main.storyboard */; };
		958CDF6026E777D6004DD926 /* Assets.xcassets in Resources */ = {isa = PBXBuildFile; fileRef = 958CDF5F26E777D6004DD926 /* Assets.xcassets */; };
		958CDF6326E777D6004DD926 /* LaunchScreen.storyboard in Resources */ = {isa = PBXBuildFile; fileRef = 958CDF6126E777D6004DD926 /* LaunchScreen.storyboard */; };
		958CDF6B26E77828004DD926 /* ContactListViewController.swift in Sources */ = {isa = PBXBuildFile; fileRef = 958CDF6A26E77828004DD926 /* ContactListViewController.swift */; };
		958CDF6D26E7787E004DD926 /* FullContactListViewController.swift in Sources */ = {isa = PBXBuildFile; fileRef = 958CDF6C26E7787E004DD926 /* FullContactListViewController.swift */; };
		958CDF6F26E77A81004DD926 /* DetailViewController.swift in Sources */ = {isa = PBXBuildFile; fileRef = 958CDF6E26E77A81004DD926 /* DetailViewController.swift */; };
		958CDF7126E77B5F004DD926 /* Contact.swift in Sources */ = {isa = PBXBuildFile; fileRef = 958CDF7026E77B5F004DD926 /* Contact.swift */; };
/* End PBXBuildFile section */

/* Begin PBXFileReference section */
		958CDF5326E777D5004DD926 /* ContactList.app */ = {isa = PBXFileReference; explicitFileType = wrapper.application; includeInIndex = 0; path = ContactList.app; sourceTree = BUILT_PRODUCTS_DIR; };
		958CDF5626E777D5004DD926 /* AppDelegate.swift */ = {isa = PBXFileReference; lastKnownFileType = sourcecode.swift; path = AppDelegate.swift; sourceTree = "<group>"; };
		958CDF5826E777D5004DD926 /* SceneDelegate.swift */ = {isa = PBXFileReference; lastKnownFileType = sourcecode.swift; path = SceneDelegate.swift; sourceTree = "<group>"; };
		958CDF5D26E777D5004DD926 /* Base */ = {isa = PBXFileReference; lastKnownFileType = file.storyboard; name = Base; path = Base.lproj/Main.storyboard; sourceTree = "<group>"; };
		958CDF5F26E777D6004DD926 /* Assets.xcassets */ = {isa = PBXFileReference; lastKnownFileType = folder.assetcatalog; path = Assets.xcassets; sourceTree = "<group>"; };
		958CDF6226E777D6004DD926 /* Base */ = {isa = PBXFileReference; lastKnownFileType = file.storyboard; name = Base; path = Base.lproj/LaunchScreen.storyboard; sourceTree = "<group>"; };
		958CDF6426E777D6004DD926 /* Info.plist */ = {isa = PBXFileReference; lastKnownFileType = text.plist.xml; path = Info.plist; sourceTree = "<group>"; };
		958CDF6A26E77828004DD926 /* ContactListViewController.swift */ = {isa = PBXFileReference; lastKnownFileType = sourcecode.swift; path = ContactListViewController.swift; sourceTree = "<group>"; };
		958CDF6C26E7787E004DD926 /* FullContactListViewController.swift */ = {isa = PBXFileReference; lastKnownFileType = sourcecode.swift; path = FullContactListViewController.swift; sourceTree = "<group>"; };
		958CDF6E26E77A81004DD926 /* DetailViewController.swift */ = {isa = PBXFileReference; lastKnownFileType = sourcecode.swift; path = DetailViewController.swift; sourceTree = "<group>"; };
		958CDF7026E77B5F004DD926 /* Contact.swift */ = {isa = PBXFileReference; lastKnownFileType = sourcecode.swift; path = Contact.swift; sourceTree = "<group>"; };
/* End PBXFileReference section */

/* Begin PBXFrameworksBuildPhase section */
		958CDF5026E777D5004DD926 /* Frameworks */ = {
			isa = PBXFrameworksBuildPhase;
			buildActionMask = 2147483647;
			files = (
			);
			runOnlyForDeploymentPostprocessing = 0;
		};
/* End PBXFrameworksBuildPhase section */

/* Begin PBXGroup section */
		958CDF4A26E777D5004DD926 = {
			isa = PBXGroup;
			children = (
				958CDF5526E777D5004DD926 /* ContactList */,
				958CDF5426E777D5004DD926 /* Products */,
			);
			sourceTree = "<group>";
		};
		958CDF5426E777D5004DD926 /* Products */ = {
			isa = PBXGroup;
			children = (
				958CDF5326E777D5004DD926 /* ContactList.app */,
			);
			name = Products;
			sourceTree = "<group>";
		};
		958CDF5526E777D5004DD926 /* ContactList */ = {
			isa = PBXGroup;
			children = (
				958CDF5626E777D5004DD926 /* AppDelegate.swift */,
				958CDF5826E777D5004DD926 /* SceneDelegate.swift */,
				958CDF7326E7A763004DD926 /* Controllers */,
				958CDF7226E7A755004DD926 /* Models */,
				958CDF7426E7A76F004DD926 /* Views */,
				958CDF5F26E777D6004DD926 /* Assets.xcassets */,
				958CDF6426E777D6004DD926 /* Info.plist */,
			);
			path = ContactList;
			sourceTree = "<group>";
		};
		958CDF7226E7A755004DD926 /* Models */ = {
			isa = PBXGroup;
			children = (
				958CDF7026E77B5F004DD926 /* Contact.swift */,
			);
			path = Models;
			sourceTree = "<group>";
		};
		958CDF7326E7A763004DD926 /* Controllers */ = {
			isa = PBXGroup;
			children = (
				958CDF6A26E77828004DD926 /* ContactListViewController.swift */,
				958CDF6C26E7787E004DD926 /* FullContactListViewController.swift */,
				958CDF6E26E77A81004DD926 /* DetailViewController.swift */,
			);
			path = Controllers;
			sourceTree = "<group>";
		};
		958CDF7426E7A76F004DD926 /* Views */ = {
			isa = PBXGroup;
			children = (
				958CDF5C26E777D5004DD926 /* Main.storyboard */,
				958CDF6126E777D6004DD926 /* LaunchScreen.storyboard */,
			);
			path = Views;
			sourceTree = "<group>";
		};
/* End PBXGroup section */

/* Begin PBXNativeTarget section */
		958CDF5226E777D5004DD926 /* ContactList */ = {
			isa = PBXNativeTarget;
			buildConfigurationList = 958CDF6726E777D6004DD926 /* Build configuration list for PBXNativeTarget "ContactList" */;
			buildPhases = (
				958CDF4F26E777D5004DD926 /* Sources */,
				958CDF5026E777D5004DD926 /* Frameworks */,
				958CDF5126E777D5004DD926 /* Resources */,
			);
			buildRules = (
			);
			dependencies = (
			);
			name = ContactList;
			productName = ContactList;
			productReference = 958CDF5326E777D5004DD926 /* ContactList.app */;
			productType = "com.apple.product-type.application";
		};
/* End PBXNativeTarget section */

/* Begin PBXProject section */
		958CDF4B26E777D5004DD926 /* Project object */ = {
			isa = PBXProject;
			attributes = {
				LastSwiftUpdateCheck = 1250;
				LastUpgradeCheck = 1250;
				TargetAttributes = {
					958CDF5226E777D5004DD926 = {
						CreatedOnToolsVersion = 12.5.1;
					};
				};
			};
			buildConfigurationList = 958CDF4E26E777D5004DD926 /* Build configuration list for PBXProject "ContactList" */;
			compatibilityVersion = "Xcode 9.3";
			developmentRegion = en;
			hasScannedForEncodings = 0;
			knownRegions = (
				en,
				Base,
			);
			mainGroup = 958CDF4A26E777D5004DD926;
			productRefGroup = 958CDF5426E777D5004DD926 /* Products */;
			projectDirPath = "";
			projectRoot = "";
			targets = (
				958CDF5226E777D5004DD926 /* ContactList */,
			);
		};
/* End PBXProject section */

/* Begin PBXResourcesBuildPhase section */
		958CDF5126E777D5004DD926 /* Resources */ = {
			isa = PBXResourcesBuildPhase;
			buildActionMask = 2147483647;
			files = (
				958CDF6326E777D6004DD926 /* LaunchScreen.storyboard in Resources */,
				958CDF6026E777D6004DD926 /* Assets.xcassets in Resources */,
				958CDF5E26E777D5004DD926 /* Main.storyboard in Resources */,
			);
			runOnlyForDeploymentPostprocessing = 0;
		};
/* End PBXResourcesBuildPhase section */

/* Begin PBXSourcesBuildPhase section */
		958CDF4F26E777D5004DD926 /* Sources */ = {
			isa = PBXSourcesBuildPhase;
			buildActionMask = 2147483647;
			files = (
				958CDF7126E77B5F004DD926 /* Contact.swift in Sources */,
				958CDF6D26E7787E004DD926 /* FullContactListViewController.swift in Sources */,
				958CDF5726E777D5004DD926 /* AppDelegate.swift in Sources */,
				958CDF6F26E77A81004DD926 /* DetailViewController.swift in Sources */,
				958CDF5926E777D5004DD926 /* SceneDelegate.swift in Sources */,
				958CDF6B26E77828004DD926 /* ContactListViewController.swift in Sources */,
			);
			runOnlyForDeploymentPostprocessing = 0;
		};
/* End PBXSourcesBuildPhase section */

/* Begin PBXVariantGroup section */
		958CDF5C26E777D5004DD926 /* Main.storyboard */ = {
			isa = PBXVariantGroup;
			children = (
				958CDF5D26E777D5004DD926 /* Base */,
			);
			name = Main.storyboard;
			sourceTree = "<group>";
		};
		958CDF6126E777D6004DD926 /* LaunchScreen.storyboard */ = {
			isa = PBXVariantGroup;
			children = (
				958CDF6226E777D6004DD926 /* Base */,
			);
			name = LaunchScreen.storyboard;
			sourceTree = "<group>";
		};
/* End PBXVariantGroup section */

/* Begin XCBuildConfiguration section */
		958CDF6526E777D6004DD926 /* Debug */ = {
			isa = XCBuildConfiguration;
			buildSettings = {
				ALWAYS_SEARCH_USER_PATHS = NO;
				CLANG_ANALYZER_NONNULL = YES;
				CLANG_ANALYZER_NUMBER_OBJECT_CONVERSION = YES_AGGRESSIVE;
				CLANG_CXX_LANGUAGE_STANDARD = "gnu++14";
				CLANG_CXX_LIBRARY = "libc++";
				CLANG_ENABLE_MODULES = YES;
				CLANG_ENABLE_OBJC_ARC = YES;
				CLANG_ENABLE_OBJC_WEAK = YES;
				CLANG_WARN_BLOCK_CAPTURE_AUTORELEASING = YES;
				CLANG_WARN_BOOL_CONVERSION = YES;
				CLANG_WARN_COMMA = YES;
				CLANG_WARN_CONSTANT_CONVERSION = YES;
				CLANG_WARN_DEPRECATED_OBJC_IMPLEMENTATIONS = YES;
				CLANG_WARN_DIRECT_OBJC_ISA_USAGE = YES_ERROR;
				CLANG_WARN_DOCUMENTATION_COMMENTS = YES;
				CLANG_WARN_EMPTY_BODY = YES;
				CLANG_WARN_ENUM_CONVERSION = YES;
				CLANG_WARN_INFINITE_RECURSION = YES;
				CLANG_WARN_INT_CONVERSION = YES;
				CLANG_WARN_NON_LITERAL_NULL_CONVERSION = YES;
				CLANG_WARN_OBJC_IMPLICIT_RETAIN_SELF = YES;
				CLANG_WARN_OBJC_LITERAL_CONVERSION = YES;
				CLANG_WARN_OBJC_ROOT_CLASS = YES_ERROR;
				CLANG_WARN_QUOTED_INCLUDE_IN_FRAMEWORK_HEADER = YES;
				CLANG_WARN_RANGE_LOOP_ANALYSIS = YES;
				CLANG_WARN_STRICT_PROTOTYPES = YES;
				CLANG_WARN_SUSPICIOUS_MOVE = YES;
				CLANG_WARN_UNGUARDED_AVAILABILITY = YES_AGGRESSIVE;
				CLANG_WARN_UNREACHABLE_CODE = YES;
				CLANG_WARN__DUPLICATE_METHOD_MATCH = YES;
				COPY_PHASE_STRIP = NO;
				DEBUG_INFORMATION_FORMAT = dwarf;
				ENABLE_STRICT_OBJC_MSGSEND = YES;
				ENABLE_TESTABILITY = YES;
				GCC_C_LANGUAGE_STANDARD = gnu11;
				GCC_DYNAMIC_NO_PIC = NO;
				GCC_NO_COMMON_BLOCKS = YES;
				GCC_OPTIMIZATION_LEVEL = 0;
				GCC_PREPROCESSOR_DEFINITIONS = (
					"DEBUG=1",
					"$(inherited)",
				);
				GCC_WARN_64_TO_32_BIT_CONVERSION = YES;
				GCC_WARN_ABOUT_RETURN_TYPE = YES_ERROR;
				GCC_WARN_UNDECLARED_SELECTOR = YES;
				GCC_WARN_UNINITIALIZED_AUTOS = YES_AGGRESSIVE;
				GCC_WARN_UNUSED_FUNCTION = YES;
				GCC_WARN_UNUSED_VARIABLE = YES;
				IPHONEOS_DEPLOYMENT_TARGET = 14.5;
				MTL_ENABLE_DEBUG_INFO = INCLUDE_SOURCE;
				MTL_FAST_MATH = YES;
				ONLY_ACTIVE_ARCH = YES;
				SDKROOT = iphoneos;
				SWIFT_ACTIVE_COMPILATION_CONDITIONS = DEBUG;
				SWIFT_OPTIMIZATION_LEVEL = "-Onone";
			};
			name = Debug;
		};
		958CDF6626E777D6004DD926 /* Release */ = {
			isa = XCBuildConfiguration;
			buildSettings = {
				ALWAYS_SEARCH_USER_PATHS = NO;
				CLANG_ANALYZER_NONNULL = YES;
				CLANG_ANALYZER_NUMBER_OBJECT_CONVERSION = YES_AGGRESSIVE;
				CLANG_CXX_LANGUAGE_STANDARD = "gnu++14";
				CLANG_CXX_LIBRARY = "libc++";
				CLANG_ENABLE_MODULES = YES;
				CLANG_ENABLE_OBJC_ARC = YES;
				CLANG_ENABLE_OBJC_WEAK = YES;
				CLANG_WARN_BLOCK_CAPTURE_AUTORELEASING = YES;
				CLANG_WARN_BOOL_CONVERSION = YES;
				CLANG_WARN_COMMA = YES;
				CLANG_WARN_CONSTANT_CONVERSION = YES;
				CLANG_WARN_DEPRECATED_OBJC_IMPLEMENTATIONS = YES;
				CLANG_WARN_DIRECT_OBJC_ISA_USAGE = YES_ERROR;
				CLANG_WARN_DOCUMENTATION_COMMENTS = YES;
				CLANG_WARN_EMPTY_BODY = YES;
				CLANG_WARN_ENUM_CONVERSION = YES;
				CLANG_WARN_INFINITE_RECURSION = YES;
				CLANG_WARN_INT_CONVERSION = YES;
				CLANG_WARN_NON_LITERAL_NULL_CONVERSION = YES;
				CLANG_WARN_OBJC_IMPLICIT_RETAIN_SELF = YES;
				CLANG_WARN_OBJC_LITERAL_CONVERSION = YES;
				CLANG_WARN_OBJC_ROOT_CLASS = YES_ERROR;
				CLANG_WARN_QUOTED_INCLUDE_IN_FRAMEWORK_HEADER = YES;
				CLANG_WARN_RANGE_LOOP_ANALYSIS = YES;
				CLANG_WARN_STRICT_PROTOTYPES = YES;
				CLANG_WARN_SUSPICIOUS_MOVE = YES;
				CLANG_WARN_UNGUARDED_AVAILABILITY = YES_AGGRESSIVE;
				CLANG_WARN_UNREACHABLE_CODE = YES;
				CLANG_WARN__DUPLICATE_METHOD_MATCH = YES;
				COPY_PHASE_STRIP = NO;
				DEBUG_INFORMATION_FORMAT = "dwarf-with-dsym";
				ENABLE_NS_ASSERTIONS = NO;
				ENABLE_STRICT_OBJC_MSGSEND = YES;
				GCC_C_LANGUAGE_STANDARD = gnu11;
				GCC_NO_COMMON_BLOCKS = YES;
				GCC_WARN_64_TO_32_BIT_CONVERSION = YES;
				GCC_WARN_ABOUT_RETURN_TYPE = YES_ERROR;
				GCC_WARN_UNDECLARED_SELECTOR = YES;
				GCC_WARN_UNINITIALIZED_AUTOS = YES_AGGRESSIVE;
				GCC_WARN_UNUSED_FUNCTION = YES;
				GCC_WARN_UNUSED_VARIABLE = YES;
				IPHONEOS_DEPLOYMENT_TARGET = 14.5;
				MTL_ENABLE_DEBUG_INFO = NO;
				MTL_FAST_MATH = YES;
				SDKROOT = iphoneos;
				SWIFT_COMPILATION_MODE = wholemodule;
				SWIFT_OPTIMIZATION_LEVEL = "-O";
				VALIDATE_PRODUCT = YES;
			};
			name = Release;
		};
		958CDF6826E777D6004DD926 /* Debug */ = {
			isa = XCBuildConfiguration;
			buildSettings = {
				ASSETCATALOG_COMPILER_APPICON_NAME = AppIcon;
				ASSETCATALOG_COMPILER_GLOBAL_ACCENT_COLOR_NAME = AccentColor;
				CODE_SIGN_STYLE = Automatic;
				DEVELOPMENT_TEAM = LZR67SB886;
				INFOPLIST_FILE = ContactList/Info.plist;
				LD_RUNPATH_SEARCH_PATHS = (
					"$(inherited)",
					"@executable_path/Frameworks",
				);
				PRODUCT_BUNDLE_IDENTIFIER = VP.ContactList;
				PRODUCT_NAME = "$(TARGET_NAME)";
				SWIFT_VERSION = 5.0;
				TARGETED_DEVICE_FAMILY = "1,2";
			};
			name = Debug;
		};
		958CDF6926E777D6004DD926 /* Release */ = {
			isa = XCBuildConfiguration;
			buildSettings = {
				ASSETCATALOG_COMPILER_APPICON_NAME = AppIcon;
				ASSETCATALOG_COMPILER_GLOBAL_ACCENT_COLOR_NAME = AccentColor;
				CODE_SIGN_STYLE = Automatic;
				DEVELOPMENT_TEAM = LZR67SB886;
				INFOPLIST_FILE = ContactList/Info.plist;
				LD_RUNPATH_SEARCH_PATHS = (
					"$(inherited)",
					"@executable_path/Frameworks",
				);
				PRODUCT_BUNDLE_IDENTIFIER = VP.ContactList;
				PRODUCT_NAME = "$(TARGET_NAME)";
				SWIFT_VERSION = 5.0;
				TARGETED_DEVICE_FAMILY = "1,2";
			};
			name = Release;
		};
/* End XCBuildConfiguration section */

/* Begin XCConfigurationList section */
		958CDF4E26E777D5004DD926 /* Build configuration list for PBXProject "ContactList" */ = {
			isa = XCConfigurationList;
			buildConfigurations = (
				958CDF6526E777D6004DD926 /* Debug */,
				958CDF6626E777D6004DD926 /* Release */,
			);
			defaultConfigurationIsVisible = 0;
			defaultConfigurationName = Release;
		};
		958CDF6726E777D6004DD926 /* Build configuration list for PBXNativeTarget "ContactList" */ = {
			isa = XCConfigurationList;
			buildConfigurations = (
				958CDF6826E777D6004DD926 /* Debug */,
				958CDF6926E777D6004DD926 /* Release */,
			);
			defaultConfigurationIsVisible = 0;
			defaultConfigurationName = Release;
		};
/* End XCConfigurationList section */
	};
	rootObject = 958CDF4B26E777D5004DD926 /* Project object */;
}
